
Microsoft Visual Studio Solution File, Format Version 11.00
# Visual Studio 2010
Project("{8BC9CEB8-8B4A-11D0-8D11-00A0C91BC942}") = "Attendance", "Attendance\Attendance.vcxproj", "{017897C3-99E2-4DCE-8E54-D4662BB3F768}"
EndProject
Global
	GlobalSection(SolutionConfigurationPlatforms) = preSolution
		Debug|Win32 = Debug|Win32
		Release|Win32 = Release|Win32
	EndGlobalSection
	GlobalSection(ProjectConfigurationPlatforms) = postSolution
		{017897C3-99E2-4DCE-8E54-D4662BB3F768}.Debug|Win32.ActiveCfg = Release|Win32
		{017897C3-99E2-4DCE-8E54-D4662BB3F768}.Debug|Win32.Build.0 = Release|Win32
		{017897C3-99E2-4DCE-8E54-D4662BB3F768}.Release|Win32.ActiveCfg = Release|Win32
		{017897C3-99E2-4DCE-8E54-D4662BB3F768}.Release|Win32.Build.0 = Release|Win32
	EndGlobalSection
	GlobalSection(SolutionProperties) = preSolution
		HideSolutionNode = FALSE
	EndGlobalSection
EndGlobal
