
Microsoft Visual Studio Solution File, Format Version 11.00
# Visual Studio 2010
Project("{FAE04EC0-301F-11D3-BF4B-00C04F79EFBC}") = "EPGP", "Attendance\EPGP.csproj", "{93843B96-85A9-48F7-9C86-9FFAD48AD7E1}"
EndProject
Project("{54435603-DBB4-11D2-8724-00A0C9A8B90C}") = "EPGP Setup", "EPGP Setup\EPGP Setup.vdproj", "{28FED454-DD72-49D1-A97E-8C1E3AF221ED}"
EndProject
Global
	GlobalSection(SolutionConfigurationPlatforms) = preSolution
		CD_ROM|Any CPU = CD_ROM|Any CPU
		CD_ROM|Mixed Platforms = CD_ROM|Mixed Platforms
		CD_ROM|x86 = CD_ROM|x86
		Debug|Any CPU = Debug|Any CPU
		Debug|Mixed Platforms = Debug|Mixed Platforms
		Debug|x86 = Debug|x86
		DVD-5|Any CPU = DVD-5|Any CPU
		DVD-5|Mixed Platforms = DVD-5|Mixed Platforms
		DVD-5|x86 = DVD-5|x86
		Release|Any CPU = Release|Any CPU
		Release|Mixed Platforms = Release|Mixed Platforms
		Release|x86 = Release|x86
		SingleImage|Any CPU = SingleImage|Any CPU
		SingleImage|Mixed Platforms = SingleImage|Mixed Platforms
		SingleImage|x86 = SingleImage|x86
	EndGlobalSection
	GlobalSection(ProjectConfigurationPlatforms) = postSolution
		{93843B96-85A9-48F7-9C86-9FFAD48AD7E1}.CD_ROM|Any CPU.ActiveCfg = Release|x86
		{93843B96-85A9-48F7-9C86-9FFAD48AD7E1}.CD_ROM|Mixed Platforms.ActiveCfg = Release|x86
		{93843B96-85A9-48F7-9C86-9FFAD48AD7E1}.CD_ROM|Mixed Platforms.Build.0 = Release|x86
		{93843B96-85A9-48F7-9C86-9FFAD48AD7E1}.CD_ROM|x86.ActiveCfg = Release|x86
		{93843B96-85A9-48F7-9C86-9FFAD48AD7E1}.CD_ROM|x86.Build.0 = Release|x86
		{93843B96-85A9-48F7-9C86-9FFAD48AD7E1}.Debug|Any CPU.ActiveCfg = Debug|x86
		{93843B96-85A9-48F7-9C86-9FFAD48AD7E1}.Debug|Mixed Platforms.ActiveCfg = Release|x86
		{93843B96-85A9-48F7-9C86-9FFAD48AD7E1}.Debug|Mixed Platforms.Build.0 = Release|x86
		{93843B96-85A9-48F7-9C86-9FFAD48AD7E1}.Debug|x86.ActiveCfg = Debug|x86
		{93843B96-85A9-48F7-9C86-9FFAD48AD7E1}.Debug|x86.Build.0 = Debug|x86
		{93843B96-85A9-48F7-9C86-9FFAD48AD7E1}.DVD-5|Any CPU.ActiveCfg = Debug|x86
		{93843B96-85A9-48F7-9C86-9FFAD48AD7E1}.DVD-5|Mixed Platforms.ActiveCfg = Debug|x86
		{93843B96-85A9-48F7-9C86-9FFAD48AD7E1}.DVD-5|Mixed Platforms.Build.0 = Debug|x86
		{93843B96-85A9-48F7-9C86-9FFAD48AD7E1}.DVD-5|x86.ActiveCfg = Debug|x86
		{93843B96-85A9-48F7-9C86-9FFAD48AD7E1}.DVD-5|x86.Build.0 = Debug|x86
		{93843B96-85A9-48F7-9C86-9FFAD48AD7E1}.Release|Any CPU.ActiveCfg = Release|x86
		{93843B96-85A9-48F7-9C86-9FFAD48AD7E1}.Release|Mixed Platforms.ActiveCfg = Release|x86
		{93843B96-85A9-48F7-9C86-9FFAD48AD7E1}.Release|Mixed Platforms.Build.0 = Release|x86
		{93843B96-85A9-48F7-9C86-9FFAD48AD7E1}.Release|x86.ActiveCfg = Release|x86
		{93843B96-85A9-48F7-9C86-9FFAD48AD7E1}.Release|x86.Build.0 = Release|x86
		{93843B96-85A9-48F7-9C86-9FFAD48AD7E1}.SingleImage|Any CPU.ActiveCfg = Release|x86
		{93843B96-85A9-48F7-9C86-9FFAD48AD7E1}.SingleImage|Mixed Platforms.ActiveCfg = Release|x86
		{93843B96-85A9-48F7-9C86-9FFAD48AD7E1}.SingleImage|Mixed Platforms.Build.0 = Release|x86
		{93843B96-85A9-48F7-9C86-9FFAD48AD7E1}.SingleImage|x86.ActiveCfg = Release|x86
		{93843B96-85A9-48F7-9C86-9FFAD48AD7E1}.SingleImage|x86.Build.0 = Release|x86
		{28FED454-DD72-49D1-A97E-8C1E3AF221ED}.CD_ROM|Any CPU.ActiveCfg = Release
		{28FED454-DD72-49D1-A97E-8C1E3AF221ED}.CD_ROM|Mixed Platforms.ActiveCfg = Release
		{28FED454-DD72-49D1-A97E-8C1E3AF221ED}.CD_ROM|x86.ActiveCfg = Release
		{28FED454-DD72-49D1-A97E-8C1E3AF221ED}.Debug|Any CPU.ActiveCfg = Debug
		{28FED454-DD72-49D1-A97E-8C1E3AF221ED}.Debug|Mixed Platforms.ActiveCfg = Debug
		{28FED454-DD72-49D1-A97E-8C1E3AF221ED}.Debug|x86.ActiveCfg = Debug
		{28FED454-DD72-49D1-A97E-8C1E3AF221ED}.DVD-5|Any CPU.ActiveCfg = Debug
		{28FED454-DD72-49D1-A97E-8C1E3AF221ED}.DVD-5|Mixed Platforms.ActiveCfg = Debug
		{28FED454-DD72-49D1-A97E-8C1E3AF221ED}.DVD-5|x86.ActiveCfg = Debug
		{28FED454-DD72-49D1-A97E-8C1E3AF221ED}.Release|Any CPU.ActiveCfg = Release
		{28FED454-DD72-49D1-A97E-8C1E3AF221ED}.Release|Mixed Platforms.ActiveCfg = Release
		{28FED454-DD72-49D1-A97E-8C1E3AF221ED}.Release|x86.ActiveCfg = Release
		{28FED454-DD72-49D1-A97E-8C1E3AF221ED}.SingleImage|Any CPU.ActiveCfg = Release
		{28FED454-DD72-49D1-A97E-8C1E3AF221ED}.SingleImage|Mixed Platforms.ActiveCfg = Release
		{28FED454-DD72-49D1-A97E-8C1E3AF221ED}.SingleImage|x86.ActiveCfg = Release
	EndGlobalSection
	GlobalSection(SolutionProperties) = preSolution
		HideSolutionNode = FALSE
	EndGlobalSection
EndGlobal
